
Microsoft Visual Studio Solution File, Format Version 12.00
# Visual Studio Version 17
VisualStudioVersion = 17.7.33913.275
MinimumVisualStudioVersion = 10.0.40219.1
Project("{9A19103F-16F7-4668-BE54-9A1E7A4F7556}") = "TravelAway.DAL", "Infosys.TravelAway.DAL\TravelAway.DAL.csproj", "{BC58CD60-4972-4F05-8844-F87DC0FBFB5E}"
EndProject
Project("{9A19103F-16F7-4668-BE54-9A1E7A4F7556}") = "TravelAway.SL", "Infosys.TravelAway.SL\TravelAway.SL.csproj", "{550C1A16-5A41-4491-80D3-3B50F81ECE50}"
EndProject
Global
	GlobalSection(SolutionConfigurationPlatforms) = preSolution
		Debug|Any CPU = Debug|Any CPU
		Release|Any CPU = Release|Any CPU
	EndGlobalSection
	GlobalSection(ProjectConfigurationPlatforms) = postSolution
		{BC58CD60-4972-4F05-8844-F87DC0FBFB5E}.Debug|Any CPU.ActiveCfg = Debug|Any CPU
		{BC58CD60-4972-4F05-8844-F87DC0FBFB5E}.Debug|Any CPU.Build.0 = Debug|Any CPU
		{BC58CD60-4972-4F05-8844-F87DC0FBFB5E}.Release|Any CPU.ActiveCfg = Release|Any CPU
		{BC58CD60-4972-4F05-8844-F87DC0FBFB5E}.Release|Any CPU.Build.0 = Release|Any CPU
		{550C1A16-5A41-4491-80D3-3B50F81ECE50}.Debug|Any CPU.ActiveCfg = Debug|Any CPU
		{550C1A16-5A41-4491-80D3-3B50F81ECE50}.Debug|Any CPU.Build.0 = Debug|Any CPU
		{550C1A16-5A41-4491-80D3-3B50F81ECE50}.Release|Any CPU.ActiveCfg = Release|Any CPU
		{550C1A16-5A41-4491-80D3-3B50F81ECE50}.Release|Any CPU.Build.0 = Release|Any CPU
	EndGlobalSection
	GlobalSection(SolutionProperties) = preSolution
		HideSolutionNode = FALSE
	EndGlobalSection
	GlobalSection(ExtensibilityGlobals) = postSolution
		SolutionGuid = {5414F3E7-1AB5-4E20-8F76-9327FA92CF4B}
	EndGlobalSection
EndGlobal
